
Microsoft Visual Studio Solution File, Format Version 12.00
# Visual Studio Version 17
VisualStudioVersion = 17.1.32210.238
MinimumVisualStudioVersion = 10.0.40219.1
Project("{8BC9CEB8-8B4A-11D0-8D11-00A0C91BC942}") = "weldDetection", "weldDetection\weldDetection.vcxproj", "{182BD486-6CA9-4442-9CE4-A7A89AAAFD88}"
EndProject
Global
	GlobalSection(SolutionConfigurationPlatforms) = preSolution
		Debug|x64 = Debug|x64
		Debug|x86 = Debug|x86
		Release|x64 = Release|x64
		Release|x86 = Release|x86
	EndGlobalSection
	GlobalSection(ProjectConfigurationPlatforms) = postSolution
		{182BD486-6CA9-4442-9CE4-A7A89AAAFD88}.Debug|x64.ActiveCfg = Debug|x64
		{182BD486-6CA9-4442-9CE4-A7A89AAAFD88}.Debug|x64.Build.0 = Debug|x64
		{182BD486-6CA9-4442-9CE4-A7A89AAAFD88}.Debug|x86.ActiveCfg = Debug|Win32
		{182BD486-6CA9-4442-9CE4-A7A89AAAFD88}.Debug|x86.Build.0 = Debug|Win32
		{182BD486-6CA9-4442-9CE4-A7A89AAAFD88}.Release|x64.ActiveCfg = Release|x64
		{182BD486-6CA9-4442-9CE4-A7A89AAAFD88}.Release|x64.Build.0 = Release|x64
		{182BD486-6CA9-4442-9CE4-A7A89AAAFD88}.Release|x86.ActiveCfg = Release|Win32
		{182BD486-6CA9-4442-9CE4-A7A89AAAFD88}.Release|x86.Build.0 = Release|Win32
	EndGlobalSection
	GlobalSection(SolutionProperties) = preSolution
		HideSolutionNode = FALSE
	EndGlobalSection
	GlobalSection(ExtensibilityGlobals) = postSolution
		SolutionGuid = {9CB958E6-ED5C-4B6B-AFB4-B6497CD58A67}
	EndGlobalSection
EndGlobal
